
Microsoft Visual Studio Solution File, Format Version 12.00
# Visual Studio 2017
Project("{FAE04EC0-301F-11D3-BF4B-00C04F79EFBC}") = "UXSkill", "UXSkill.csproj", "{6F9D8B55-03A4-4EFD-ABE1-D0FF065BA7A6}"
EndProject
Global
	GlobalSection(SolutionConfigurationPlatforms) = preSolution
		Debug|Any CPU = Debug|Any CPU
		Release|Any CPU = Release|Any CPU
	EndGlobalSection
	GlobalSection(ProjectConfigurationPlatforms) = postSolution
		{6F9D8B55-03A4-4EFD-ABE1-D0FF065BA7A6}.Debug|Any CPU.ActiveCfg = Debug|Any CPU
		{6F9D8B55-03A4-4EFD-ABE1-D0FF065BA7A6}.Debug|Any CPU.Build.0 = Debug|Any CPU
		{6F9D8B55-03A4-4EFD-ABE1-D0FF065BA7A6}.Release|Any CPU.ActiveCfg = Release|Any CPU
		{6F9D8B55-03A4-4EFD-ABE1-D0FF065BA7A6}.Release|Any CPU.Build.0 = Release|Any CPU
	EndGlobalSection
EndGlobal
